
Microsoft Visual Studio Solution File, Format Version 12.00
# Visual Studio 15
Project("{FAE04EC0-301F-11D3-BF4B-00C04F79EFBC}") = "ShaderLABExplore", "ShaderLABExplore.csproj", "{779C0A8A-B7A4-D0D2-1DE2-34E3BB37C7A6}"
EndProject
Project("{FAE04EC0-301F-11D3-BF4B-00C04F79EFBC}") = "ShaderLABExplore.Editor", "ShaderLABExplore.Editor.csproj", "{A3BAEF2F-C49D-AF9D-1D44-235247F74636}"
EndProject
Global
	GlobalSection(SolutionConfigurationPlatforms) = preSolution
		Debug|Any CPU = Debug|Any CPU
		Release|Any CPU = Release|Any CPU
	EndGlobalSection
	GlobalSection(ProjectConfigurationPlatforms) = postSolution
		{779C0A8A-B7A4-D0D2-1DE2-34E3BB37C7A6}.Debug|Any CPU.ActiveCfg = Debug|Any CPU
		{779C0A8A-B7A4-D0D2-1DE2-34E3BB37C7A6}.Debug|Any CPU.Build.0 = Debug|Any CPU
		{779C0A8A-B7A4-D0D2-1DE2-34E3BB37C7A6}.Release|Any CPU.ActiveCfg = Release|Any CPU
		{779C0A8A-B7A4-D0D2-1DE2-34E3BB37C7A6}.Release|Any CPU.Build.0 = Release|Any CPU
		{A3BAEF2F-C49D-AF9D-1D44-235247F74636}.Debug|Any CPU.ActiveCfg = Debug|Any CPU
		{A3BAEF2F-C49D-AF9D-1D44-235247F74636}.Debug|Any CPU.Build.0 = Debug|Any CPU
		{A3BAEF2F-C49D-AF9D-1D44-235247F74636}.Release|Any CPU.ActiveCfg = Release|Any CPU
		{A3BAEF2F-C49D-AF9D-1D44-235247F74636}.Release|Any CPU.Build.0 = Release|Any CPU
	EndGlobalSection
	GlobalSection(SolutionProperties) = preSolution
		HideSolutionNode = FALSE
	EndGlobalSection
EndGlobal
